{"1.1.0",
[{<<"cowboy">>,{pkg,<<"cowboy">>,<<"2.8.0">>},0},
 {<<"cowlib">>,{pkg,<<"cowlib">>,<<"2.9.1">>},1},
 {<<"erlydtl">>,{pkg,<<"erlydtl">>,<<"0.12.1">>},0},
 {<<"goldrush">>,{pkg,<<"goldrush">>,<<"0.1.9">>},1},
 {<<"jesse">>,{pkg,<<"jesse">>,<<"1.5.5">>},0},
 {<<"jiffy">>,{pkg,<<"jiffy">>,<<"1.0.5">>},0},
 {<<"jsx">>,{pkg,<<"jsx">>,<<"3.0.0">>},0},
 {<<"lager">>,{pkg,<<"lager">>,<<"3.8.0">>},0},
 {<<"meck">>,{pkg,<<"meck">>,<<"0.9.0">>},0},
 {<<"ranch">>,{pkg,<<"ranch">>,<<"1.7.1">>},1},
 {<<"redbug">>,{pkg,<<"redbug">>,<<"2.0.2">>},0},
 {<<"rfc3339">>,{pkg,<<"rfc3339">>,<<"0.2.2">>},1}]}.
[
{pkg_hash,[
 {<<"cowboy">>, <<"F3DC62E35797ECD9AC1B50DB74611193C29815401E53BAC9A5C0577BD7BC667D">>},
 {<<"cowlib">>, <<"61A6C7C50CF07FDD24B2F45B89500BB93B6686579B069A89F88CB211E1125C78">>},
 {<<"erlydtl">>, <<"3FDE3190D30340B10CFCFDB4135A828761D468DB4E4B34817C6B91D295F3142D">>},
 {<<"goldrush">>, <<"F06E5D5F1277DA5C413E84D5A2924174182FB108DABB39D5EC548B27424CD106">>},
 {<<"jesse">>, <<"ECFD2C1634C49052CA907B4DFDE1D1F44B7FD7862D933F4590807E42759B8072">>},
 {<<"jiffy">>, <<"A69B58FAF7123534C20E1B0B7AE97AC52079CA02ED4B6989B4B380179CD63A54">>},
 {<<"jsx">>, <<"20A170ABD4335FC6DB24D5FAD1E5D677C55DADF83D1B20A8A33B5FE159892A39">>},
 {<<"lager">>, <<"3402B9A7E473680CA179FC2F1D827CAB88DD37DD1E6113090C6F45EF05228A1C">>},
 {<<"meck">>, <<"CB40C223CF403DB2D09DEF59D32D3682074EBECCEB64F3E6F6C4477458DF124D">>},
 {<<"ranch">>, <<"6B1FAB51B49196860B733A49C07604465A47BDB78AA10C1C16A3D199F7F8C881">>},
 {<<"redbug">>, <<"10CB89FF2619374FC11F11DE4283BE390B881773864098C67148741659137B01">>},
 {<<"rfc3339">>, <<"1552DF616ACA368D982E9F085A0E933B6688A3F4938A671798978EC2C0C58730">>}]}
].
