{"1.1.0",
[{<<"cowboy">>,{pkg,<<"cowboy">>,<<"2.0.0">>},0},
 {<<"cowlib">>,{pkg,<<"cowlib">>,<<"2.0.1">>},1},
 {<<"erlydtl">>,{pkg,<<"erlydtl">>,<<"0.12.1">>},0},
 {<<"goldrush">>,{pkg,<<"goldrush">>,<<"0.1.9">>},1},
 {<<"jesse">>,{pkg,<<"jesse">>,<<"1.4.0">>},0},
 {<<"jsx">>,{pkg,<<"jsx">>,<<"2.8.3">>},0},
 {<<"lager">>,{pkg,<<"lager">>,<<"3.5.2">>},0},
 {<<"ranch">>,{pkg,<<"ranch">>,<<"1.4.0">>},1}]}.
[
{pkg_hash,[
 {<<"cowboy">>, <<"A3B680BCC1156C6FBCB398CC56ADC35177037012D7DC28D8F7E7926D6C243561">>},
 {<<"cowlib">>, <<"4DFFFB1DB296EAB9F2E8B95EE3017007F674BC920CE30AEB5A53BBDA82FC38C0">>},
 {<<"erlydtl">>, <<"3FDE3190D30340B10CFCFDB4135A828761D468DB4E4B34817C6B91D295F3142D">>},
 {<<"goldrush">>, <<"F06E5D5F1277DA5C413E84D5A2924174182FB108DABB39D5EC548B27424CD106">>},
 {<<"jesse">>, <<"3D8FE17231D51D85B2C88B2414C576E2135A54E36888CBE1A168883DB81797A5">>},
 {<<"jsx">>, <<"A05252D381885240744D955FBE3CF810504EB2567164824E19303EA59EEF62CF">>},
 {<<"lager">>, <<"614A8C8F67BF99B69EB264EA22121AD25511C055AAEC09B086773D5108C6767F">>},
 {<<"ranch">>, <<"10272F95DA79340FA7E8774BA7930B901713D272905D0012B06CA6D994F8826B">>}]}
].
